// !$*UTF8*$!
{
	archiveVersion = 1;
	classes = {
	};
	objectVersion = 46;
	objects = {

/* Begin PBXBuildFile section */
		8A053FBB1BCCF010009B31B4 /* Social.framework in Frameworks */ = {isa = PBXBuildFile; fileRef = 8A053FBA1BCCF010009B31B4 /* Social.framework */; };
		8A2387A31BC7D88600E06637 /* ARPlaceVisitPlan.swift in Sources */ = {isa = PBXBuildFile; fileRef = 8A2387A21BC7D88600E06637 /* ARPlaceVisitPlan.swift */; };
		8A2387A51BC7F4E500E06637 /* CrawlPlan.swift in Sources */ = {isa = PBXBuildFile; fileRef = 8A2387A41BC7F4E500E06637 /* CrawlPlan.swift */; };
		8A4E2BDA1BBEB80500FC8C68 /* MapKit.framework in Frameworks */ = {isa = PBXBuildFile; fileRef = 8A4E2BD91BBEB80500FC8C68 /* MapKit.framework */; };
		8A4E2BDC1BBEB81600FC8C68 /* CoreLocation.framework in Frameworks */ = {isa = PBXBuildFile; fileRef = 8A4E2BDB1BBEB81600FC8C68 /* CoreLocation.framework */; };
		8A53C8BE1BC2963100F21286 /* SDWebImage.framework in Frameworks */ = {isa = PBXBuildFile; fileRef = 8A53C8BD1BC2963100F21286 /* SDWebImage.framework */; };
		8A6CA0911BB012ED0062AD2C /* GPPlacePageViewController.swift in Sources */ = {isa = PBXBuildFile; fileRef = 8A6CA0901BB012ED0062AD2C /* GPPlacePageViewController.swift */; };
		8A6CA0951BB129A90062AD2C /* beer-glass-20.png in Resources */ = {isa = PBXBuildFile; fileRef = 8A6CA0941BB129A90062AD2C /* beer-glass-20.png */; };
		8A9156621BAF04FC00839503 /* STHLMPubCrawlTests.swift in Sources */ = {isa = PBXBuildFile; fileRef = 8A9156611BAF04FC00839503 /* STHLMPubCrawlTests.swift */; };
		8A91566D1BAF04FC00839503 /* STHLMPubCrawlUITests.swift in Sources */ = {isa = PBXBuildFile; fileRef = 8A91566C1BAF04FC00839503 /* STHLMPubCrawlUITests.swift */; };
		8A91568D1BAF056600839503 /* GPPhoto.swift in Sources */ = {isa = PBXBuildFile; fileRef = 8A91567B1BAF056600839503 /* GPPhoto.swift */; };
		8A91568E1BAF056600839503 /* Images.xcassets in Resources */ = {isa = PBXBuildFile; fileRef = 8A91567D1BAF056600839503 /* Images.xcassets */; };
		8A91568F1BAF056600839503 /* GPSearchRadar.swift in Sources */ = {isa = PBXBuildFile; fileRef = 8A91567E1BAF056600839503 /* GPSearchRadar.swift */; };
		8A9156901BAF056600839503 /* GPPlaceViewController.swift in Sources */ = {isa = PBXBuildFile; fileRef = 8A91567F1BAF056600839503 /* GPPlaceViewController.swift */; };
		8A9156911BAF056600839503 /* InitialViewController.swift in Sources */ = {isa = PBXBuildFile; fileRef = 8A9156801BAF056600839503 /* InitialViewController.swift */; };
		8A9156931BAF056600839503 /* AppDelegate.swift in Sources */ = {isa = PBXBuildFile; fileRef = 8A9156821BAF056600839503 /* AppDelegate.swift */; };
		8A9156941BAF056600839503 /* Beeper.swift in Sources */ = {isa = PBXBuildFile; fileRef = 8A9156831BAF056600839503 /* Beeper.swift */; };
		8A9156951BAF056600839503 /* Utilities.swift in Sources */ = {isa = PBXBuildFile; fileRef = 8A9156841BAF056600839503 /* Utilities.swift */; };
		8A9156971BAF056600839503 /* GPPlacesSearchQuery.swift in Sources */ = {isa = PBXBuildFile; fileRef = 8A9156861BAF056600839503 /* GPPlacesSearchQuery.swift */; };
		8A9156981BAF056600839503 /* GPPlace.swift in Sources */ = {isa = PBXBuildFile; fileRef = 8A9156871BAF056600839503 /* GPPlace.swift */; };
		8A9156991BAF056600839503 /* UILabelPadded.swift in Sources */ = {isa = PBXBuildFile; fileRef = 8A9156881BAF056600839503 /* UILabelPadded.swift */; };
		8A91569A1BAF056600839503 /* place.txt in Resources */ = {isa = PBXBuildFile; fileRef = 8A9156891BAF056600839503 /* place.txt */; };
		8A91569C1BAF056600839503 /* beer-glass-40.png in Resources */ = {isa = PBXBuildFile; fileRef = 8A91568B1BAF056600839503 /* beer-glass-40.png */; };
		8A9156A01BAF05F300839503 /* Main.storyboard in Resources */ = {isa = PBXBuildFile; fileRef = 8A91569E1BAF05F300839503 /* Main.storyboard */; };
		8A9156A11BAF05F300839503 /* LaunchScreen.xib in Resources */ = {isa = PBXBuildFile; fileRef = 8A91569F1BAF05F300839503 /* LaunchScreen.xib */; };
		8A9A4D741BAF488000376F2D /* beep.wav in Resources */ = {isa = PBXBuildFile; fileRef = 8A9A4D731BAF488000376F2D /* beep.wav */; };
		8AA13CA31BAF472E00AA02B1 /* Sounds.xcassets in Resources */ = {isa = PBXBuildFile; fileRef = 8AA13CA21BAF472E00AA02B1 /* Sounds.xcassets */; };
		8AA4E9D21BBD10D60047BF31 /* BarAnnotationView.swift in Sources */ = {isa = PBXBuildFile; fileRef = 8AA4E9D11BBD10D60047BF31 /* BarAnnotationView.swift */; };
		8AEC405A1BBE862900DEBA94 /* CGSize+Utilities.swift in Sources */ = {isa = PBXBuildFile; fileRef = 8AEC40591BBE862900DEBA94 /* CGSize+Utilities.swift */; };
		D23E4FB8CD5CCF8A88B65F03 /* Pods.framework in Frameworks */ = {isa = PBXBuildFile; fileRef = A239F55DAACD09943BEE05A8 /* Pods.framework */; settings = {ATTRIBUTES = (Weak, ); }; };
/* End PBXBuildFile section */

/* Begin PBXContainerItemProxy section */
		8A91565E1BAF04FC00839503 /* PBXContainerItemProxy */ = {
			isa = PBXContainerItemProxy;
			containerPortal = 8A9156411BAF04FC00839503 /* Project object */;
			proxyType = 1;
			remoteGlobalIDString = 8A9156481BAF04FC00839503;
			remoteInfo = STHLMPubCrawl;
		};
		8A9156691BAF04FC00839503 /* PBXContainerItemProxy */ = {
			isa = PBXContainerItemProxy;
			containerPortal = 8A9156411BAF04FC00839503 /* Project object */;
			proxyType = 1;
			remoteGlobalIDString = 8A9156481BAF04FC00839503;
			remoteInfo = STHLMPubCrawl;
		};
/* End PBXContainerItemProxy section */

/* Begin PBXFileReference section */
		8A053FBA1BCCF010009B31B4 /* Social.framework */ = {isa = PBXFileReference; lastKnownFileType = wrapper.framework; name = Social.framework; path = System/Library/Frameworks/Social.framework; sourceTree = SDKROOT; };
		8A2387A21BC7D88600E06637 /* ARPlaceVisitPlan.swift */ = {isa = PBXFileReference; fileEncoding = 4; lastKnownFileType = sourcecode.swift; path = ARPlaceVisitPlan.swift; sourceTree = "<group>"; };
		8A2387A41BC7F4E500E06637 /* CrawlPlan.swift */ = {isa = PBXFileReference; fileEncoding = 4; lastKnownFileType = sourcecode.swift; path = CrawlPlan.swift; sourceTree = "<group>"; };
		8A3137181BAF2DC6000CBACE /* STHLMPubCrawl-Bridging-Header.h */ = {isa = PBXFileReference; lastKnownFileType = sourcecode.c.h; path = "STHLMPubCrawl-Bridging-Header.h"; sourceTree = "<group>"; };
		8A4E2BD71BBEB70700FC8C68 /* Kingfisher.framework */ = {isa = PBXFileReference; lastKnownFileType = wrapper.framework; name = Kingfisher.framework; path = "Pods/../build/Debug-iphoneos/Kingfisher.framework"; sourceTree = "<group>"; };
		8A4E2BD91BBEB80500FC8C68 /* MapKit.framework */ = {isa = PBXFileReference; lastKnownFileType = wrapper.framework; name = MapKit.framework; path = System/Library/Frameworks/MapKit.framework; sourceTree = SDKROOT; };
		8A4E2BDB1BBEB81600FC8C68 /* CoreLocation.framework */ = {isa = PBXFileReference; lastKnownFileType = wrapper.framework; name = CoreLocation.framework; path = System/Library/Frameworks/CoreLocation.framework; sourceTree = SDKROOT; };
		8A53C8BD1BC2963100F21286 /* SDWebImage.framework */ = {isa = PBXFileReference; lastKnownFileType = wrapper.framework; name = SDWebImage.framework; path = "Pods/../build/Debug-iphoneos/SDWebImage.framework"; sourceTree = "<group>"; };
		8A6CA0901BB012ED0062AD2C /* GPPlacePageViewController.swift */ = {isa = PBXFileReference; fileEncoding = 4; lastKnownFileType = sourcecode.swift; path = GPPlacePageViewController.swift; sourceTree = "<group>"; };
		8A6CA0941BB129A90062AD2C /* beer-glass-20.png */ = {isa = PBXFileReference; lastKnownFileType = image.png; path = "beer-glass-20.png"; sourceTree = "<group>"; };
		8A9156491BAF04FC00839503 /* STHLMPubCrawl.app */ = {isa = PBXFileReference; explicitFileType = wrapper.application; includeInIndex = 0; path = STHLMPubCrawl.app; sourceTree = BUILT_PRODUCTS_DIR; };
		8A91565D1BAF04FC00839503 /* STHLMPubCrawlTests.xctest */ = {isa = PBXFileReference; explicitFileType = wrapper.cfbundle; includeInIndex = 0; path = STHLMPubCrawlTests.xctest; sourceTree = BUILT_PRODUCTS_DIR; };
		8A9156611BAF04FC00839503 /* STHLMPubCrawlTests.swift */ = {isa = PBXFileReference; lastKnownFileType = sourcecode.swift; path = STHLMPubCrawlTests.swift; sourceTree = "<group>"; };
		8A9156631BAF04FC00839503 /* Info.plist */ = {isa = PBXFileReference; lastKnownFileType = text.plist.xml; path = Info.plist; sourceTree = "<group>"; };
		8A9156681BAF04FC00839503 /* STHLMPubCrawlUITests.xctest */ = {isa = PBXFileReference; explicitFileType = wrapper.cfbundle; includeInIndex = 0; path = STHLMPubCrawlUITests.xctest; sourceTree = BUILT_PRODUCTS_DIR; };
		8A91566C1BAF04FC00839503 /* STHLMPubCrawlUITests.swift */ = {isa = PBXFileReference; lastKnownFileType = sourcecode.swift; path = STHLMPubCrawlUITests.swift; sourceTree = "<group>"; };
		8A91566E1BAF04FC00839503 /* Info.plist */ = {isa = PBXFileReference; lastKnownFileType = text.plist.xml; path = Info.plist; sourceTree = "<group>"; };
		8A91567B1BAF056600839503 /* GPPhoto.swift */ = {isa = PBXFileReference; fileEncoding = 4; lastKnownFileType = sourcecode.swift; path = GPPhoto.swift; sourceTree = "<group>"; };
		8A91567D1BAF056600839503 /* Images.xcassets */ = {isa = PBXFileReference; lastKnownFileType = folder.assetcatalog; path = Images.xcassets; sourceTree = "<group>"; };
		8A91567E1BAF056600839503 /* GPSearchRadar.swift */ = {isa = PBXFileReference; fileEncoding = 4; lastKnownFileType = sourcecode.swift; path = GPSearchRadar.swift; sourceTree = "<group>"; };
		8A91567F1BAF056600839503 /* GPPlaceViewController.swift */ = {isa = PBXFileReference; fileEncoding = 4; lastKnownFileType = sourcecode.swift; path = GPPlaceViewController.swift; sourceTree = "<group>"; };
		8A9156801BAF056600839503 /* InitialViewController.swift */ = {isa = PBXFileReference; fileEncoding = 4; lastKnownFileType = sourcecode.swift; path = InitialViewController.swift; sourceTree = "<group>"; };
		8A9156811BAF056600839503 /* Info.plist */ = {isa = PBXFileReference; fileEncoding = 4; lastKnownFileType = text.plist.xml; path = Info.plist; sourceTree = "<group>"; };
		8A9156821BAF056600839503 /* AppDelegate.swift */ = {isa = PBXFileReference; fileEncoding = 4; lastKnownFileType = sourcecode.swift; path = AppDelegate.swift; sourceTree = "<group>"; };
		8A9156831BAF056600839503 /* Beeper.swift */ = {isa = PBXFileReference; fileEncoding = 4; lastKnownFileType = sourcecode.swift; path = Beeper.swift; sourceTree = "<group>"; };
		8A9156841BAF056600839503 /* Utilities.swift */ = {isa = PBXFileReference; fileEncoding = 4; lastKnownFileType = sourcecode.swift; path = Utilities.swift; sourceTree = "<group>"; };
		8A9156861BAF056600839503 /* GPPlacesSearchQuery.swift */ = {isa = PBXFileReference; fileEncoding = 4; lastKnownFileType = sourcecode.swift; path = GPPlacesSearchQuery.swift; sourceTree = "<group>"; };
		8A9156871BAF056600839503 /* GPPlace.swift */ = {isa = PBXFileReference; fileEncoding = 4; lastKnownFileType = sourcecode.swift; path = GPPlace.swift; sourceTree = "<group>"; };
		8A9156881BAF056600839503 /* UILabelPadded.swift */ = {isa = PBXFileReference; fileEncoding = 4; lastKnownFileType = sourcecode.swift; path = UILabelPadded.swift; sourceTree = "<group>"; };
		8A9156891BAF056600839503 /* place.txt */ = {isa = PBXFileReference; fileEncoding = 4; lastKnownFileType = text; path = place.txt; sourceTree = "<group>"; };
		8A91568B1BAF056600839503 /* beer-glass-40.png */ = {isa = PBXFileReference; lastKnownFileType = image.png; path = "beer-glass-40.png"; sourceTree = "<group>"; };
		8A91568C1BAF056600839503 /* beer-glass-256.png */ = {isa = PBXFileReference; lastKnownFileType = image.png; path = "beer-glass-256.png"; sourceTree = "<group>"; };
		8A91569E1BAF05F300839503 /* Main.storyboard */ = {isa = PBXFileReference; fileEncoding = 4; lastKnownFileType = file.storyboard; path = Main.storyboard; sourceTree = "<group>"; };
		8A91569F1BAF05F300839503 /* LaunchScreen.xib */ = {isa = PBXFileReference; fileEncoding = 4; lastKnownFileType = file.xib; path = LaunchScreen.xib; sourceTree = "<group>"; };
		8A9A4D731BAF488000376F2D /* beep.wav */ = {isa = PBXFileReference; lastKnownFileType = audio.wav; path = beep.wav; sourceTree = "<group>"; };
		8AA13CA21BAF472E00AA02B1 /* Sounds.xcassets */ = {isa = PBXFileReference; lastKnownFileType = folder.assetcatalog; path = Sounds.xcassets; sourceTree = "<group>"; };
		8AA4E9D11BBD10D60047BF31 /* BarAnnotationView.swift */ = {isa = PBXFileReference; fileEncoding = 4; lastKnownFileType = sourcecode.swift; path = BarAnnotationView.swift; sourceTree = "<group>"; };
		8AEC40591BBE862900DEBA94 /* CGSize+Utilities.swift */ = {isa = PBXFileReference; fileEncoding = 4; lastKnownFileType = sourcecode.swift; path = "CGSize+Utilities.swift"; sourceTree = "<group>"; };
		A239F55DAACD09943BEE05A8 /* Pods.framework */ = {isa = PBXFileReference; explicitFileType = wrapper.framework; includeInIndex = 0; path = Pods.framework; sourceTree = BUILT_PRODUCTS_DIR; };
		B171F1A6D4AF21CE09ECB8EB /* Pods.debug.xcconfig */ = {isa = PBXFileReference; includeInIndex = 1; lastKnownFileType = text.xcconfig; name = Pods.debug.xcconfig; path = "Pods/Target Support Files/Pods/Pods.debug.xcconfig"; sourceTree = "<group>"; };
		C391B49938E450FCCD541A9E /* Pods.release.xcconfig */ = {isa = PBXFileReference; includeInIndex = 1; lastKnownFileType = text.xcconfig; name = Pods.release.xcconfig; path = "Pods/Target Support Files/Pods/Pods.release.xcconfig"; sourceTree = "<group>"; };
/* End PBXFileReference section */

/* Begin PBXFrameworksBuildPhase section */
		8A9156461BAF04FC00839503 /* Frameworks */ = {
			isa = PBXFrameworksBuildPhase;
			buildActionMask = 2147483647;
			files = (
				8A053FBB1BCCF010009B31B4 /* Social.framework in Frameworks */,
				8A53C8BE1BC2963100F21286 /* SDWebImage.framework in Frameworks */,
				8A4E2BDC1BBEB81600FC8C68 /* CoreLocation.framework in Frameworks */,
				8A4E2BDA1BBEB80500FC8C68 /* MapKit.framework in Frameworks */,
				D23E4FB8CD5CCF8A88B65F03 /* Pods.framework in Frameworks */,
			);
			runOnlyForDeploymentPostprocessing = 0;
		};
		8A91565A1BAF04FC00839503 /* Frameworks */ = {
			isa = PBXFrameworksBuildPhase;
			buildActionMask = 2147483647;
			files = (
			);
			runOnlyForDeploymentPostprocessing = 0;
		};
		8A9156651BAF04FC00839503 /* Frameworks */ = {
			isa = PBXFrameworksBuildPhase;
			buildActionMask = 2147483647;
			files = (
			);
			runOnlyForDeploymentPostprocessing = 0;
		};
/* End PBXFrameworksBuildPhase section */

/* Begin PBXGroup section */
		8A9156401BAF04FC00839503 = {
			isa = PBXGroup;
			children = (
				8A91564B1BAF04FC00839503 /* STHLMPubCrawl */,
				8A9156601BAF04FC00839503 /* STHLMPubCrawlTests */,
				8A91566B1BAF04FC00839503 /* STHLMPubCrawlUITests */,
				8A91564A1BAF04FC00839503 /* Products */,
				94009CD412422B5AF129C202 /* Pods */,
				C82DFCC1484434FA60421422 /* Frameworks */,
			);
			sourceTree = "<group>";
		};
		8A91564A1BAF04FC00839503 /* Products */ = {
			isa = PBXGroup;
			children = (
				8A9156491BAF04FC00839503 /* STHLMPubCrawl.app */,
				8A91565D1BAF04FC00839503 /* STHLMPubCrawlTests.xctest */,
				8A9156681BAF04FC00839503 /* STHLMPubCrawlUITests.xctest */,
			);
			name = Products;
			sourceTree = "<group>";
		};
		8A91564B1BAF04FC00839503 /* STHLMPubCrawl */ = {
			isa = PBXGroup;
			children = (
				8A9A4D731BAF488000376F2D /* beep.wav */,
				8A9156861BAF056600839503 /* GPPlacesSearchQuery.swift */,
				8A91567E1BAF056600839503 /* GPSearchRadar.swift */,
				8A9156871BAF056600839503 /* GPPlace.swift */,
				8A91567B1BAF056600839503 /* GPPhoto.swift */,
				8A91567F1BAF056600839503 /* GPPlaceViewController.swift */,
				8AEC40591BBE862900DEBA94 /* CGSize+Utilities.swift */,
				8A9156801BAF056600839503 /* InitialViewController.swift */,
				8AA4E9D11BBD10D60047BF31 /* BarAnnotationView.swift */,
				8A6CA0901BB012ED0062AD2C /* GPPlacePageViewController.swift */,
				8A2387A21BC7D88600E06637 /* ARPlaceVisitPlan.swift */,
				8A91569E1BAF05F300839503 /* Main.storyboard */,
				8A2387A41BC7F4E500E06637 /* CrawlPlan.swift */,
				8A9156811BAF056600839503 /* Info.plist */,
				8A9156821BAF056600839503 /* AppDelegate.swift */,
				8A9156831BAF056600839503 /* Beeper.swift */,
				8A9156841BAF056600839503 /* Utilities.swift */,
				8AA13CA21BAF472E00AA02B1 /* Sounds.xcassets */,
				8A91567D1BAF056600839503 /* Images.xcassets */,
				8A91568B1BAF056600839503 /* beer-glass-40.png */,
				8A91568C1BAF056600839503 /* beer-glass-256.png */,
				8A6CA0941BB129A90062AD2C /* beer-glass-20.png */,
				8A9156881BAF056600839503 /* UILabelPadded.swift */,
				8A9156891BAF056600839503 /* place.txt */,
				8A91569F1BAF05F300839503 /* LaunchScreen.xib */,
				8A3137181BAF2DC6000CBACE /* STHLMPubCrawl-Bridging-Header.h */,
			);
			path = STHLMPubCrawl;
			sourceTree = "<group>";
		};
		8A9156601BAF04FC00839503 /* STHLMPubCrawlTests */ = {
			isa = PBXGroup;
			children = (
				8A9156611BAF04FC00839503 /* STHLMPubCrawlTests.swift */,
				8A9156631BAF04FC00839503 /* Info.plist */,
			);
			path = STHLMPubCrawlTests;
			sourceTree = "<group>";
		};
		8A91566B1BAF04FC00839503 /* STHLMPubCrawlUITests */ = {
			isa = PBXGroup;
			children = (
				8A91566C1BAF04FC00839503 /* STHLMPubCrawlUITests.swift */,
				8A91566E1BAF04FC00839503 /* Info.plist */,
			);
			path = STHLMPubCrawlUITests;
			sourceTree = "<group>";
		};
		94009CD412422B5AF129C202 /* Pods */ = {
			isa = PBXGroup;
			children = (
				B171F1A6D4AF21CE09ECB8EB /* Pods.debug.xcconfig */,
				C391B49938E450FCCD541A9E /* Pods.release.xcconfig */,
			);
			name = Pods;
			sourceTree = "<group>";
		};
		C82DFCC1484434FA60421422 /* Frameworks */ = {
			isa = PBXGroup;
			children = (
				8A053FBA1BCCF010009B31B4 /* Social.framework */,
				8A53C8BD1BC2963100F21286 /* SDWebImage.framework */,
				8A4E2BDB1BBEB81600FC8C68 /* CoreLocation.framework */,
				8A4E2BD91BBEB80500FC8C68 /* MapKit.framework */,
				8A4E2BD71BBEB70700FC8C68 /* Kingfisher.framework */,
				A239F55DAACD09943BEE05A8 /* Pods.framework */,
			);
			name = Frameworks;
			sourceTree = "<group>";
		};
/* End PBXGroup section */

/* Begin PBXNativeTarget section */
		8A9156481BAF04FC00839503 /* STHLMPubCrawl */ = {
			isa = PBXNativeTarget;
			buildConfigurationList = 8A9156711BAF04FC00839503 /* Build configuration list for PBXNativeTarget "STHLMPubCrawl" */;
			buildPhases = (
				42974ECEFD39F87D092C3BD7 /* Check Pods Manifest.lock */,
				8A9156451BAF04FC00839503 /* Sources */,
				8A9156461BAF04FC00839503 /* Frameworks */,
				8A9156471BAF04FC00839503 /* Resources */,
				195A1BCAAB024864944FD7D1 /* Embed Pods Frameworks */,
				604289782621B4329E91ABB8 /* Copy Pods Resources */,
			);
			buildRules = (
			);
			dependencies = (
			);
			name = STHLMPubCrawl;
			productName = STHLMPubCrawl;
			productReference = 8A9156491BAF04FC00839503 /* STHLMPubCrawl.app */;
			productType = "com.apple.product-type.application";
		};
		8A91565C1BAF04FC00839503 /* STHLMPubCrawlTests */ = {
			isa = PBXNativeTarget;
			buildConfigurationList = 8A9156741BAF04FC00839503 /* Build configuration list for PBXNativeTarget "STHLMPubCrawlTests" */;
			buildPhases = (
				8A9156591BAF04FC00839503 /* Sources */,
				8A91565A1BAF04FC00839503 /* Frameworks */,
				8A91565B1BAF04FC00839503 /* Resources */,
			);
			buildRules = (
			);
			dependencies = (
				8A91565F1BAF04FC00839503 /* PBXTargetDependency */,
			);
			name = STHLMPubCrawlTests;
			productName = STHLMPubCrawlTests;
			productReference = 8A91565D1BAF04FC00839503 /* STHLMPubCrawlTests.xctest */;
			productType = "com.apple.product-type.bundle.unit-test";
		};
		8A9156671BAF04FC00839503 /* STHLMPubCrawlUITests */ = {
			isa = PBXNativeTarget;
			buildConfigurationList = 8A9156771BAF04FC00839503 /* Build configuration list for PBXNativeTarget "STHLMPubCrawlUITests" */;
			buildPhases = (
				8A9156641BAF04FC00839503 /* Sources */,
				8A9156651BAF04FC00839503 /* Frameworks */,
				8A9156661BAF04FC00839503 /* Resources */,
			);
			buildRules = (
			);
			dependencies = (
				8A91566A1BAF04FC00839503 /* PBXTargetDependency */,
			);
			name = STHLMPubCrawlUITests;
			productName = STHLMPubCrawlUITests;
			productReference = 8A9156681BAF04FC00839503 /* STHLMPubCrawlUITests.xctest */;
			productType = "com.apple.product-type.bundle.ui-testing";
		};
/* End PBXNativeTarget section */

/* Begin PBXProject section */
		8A9156411BAF04FC00839503 /* Project object */ = {
			isa = PBXProject;
			attributes = {
				LastSwiftUpdateCheck = 0700;
				LastUpgradeCheck = 0700;
				ORGANIZATIONNAME = "Agust Rafnsson";
				TargetAttributes = {
					8A9156481BAF04FC00839503 = {
						CreatedOnToolsVersion = 7.0;
						DevelopmentTeam = BY8JMSGP7Z;
					};
					8A91565C1BAF04FC00839503 = {
						CreatedOnToolsVersion = 7.0;
						TestTargetID = 8A9156481BAF04FC00839503;
					};
					8A9156671BAF04FC00839503 = {
						CreatedOnToolsVersion = 7.0;
						TestTargetID = 8A9156481BAF04FC00839503;
					};
				};
			};
			buildConfigurationList = 8A9156441BAF04FC00839503 /* Build configuration list for PBXProject "STHLMPubCrawl" */;
			compatibilityVersion = "Xcode 3.2";
			developmentRegion = English;
			hasScannedForEncodings = 0;
			knownRegions = (
				en,
				Base,
			);
			mainGroup = 8A9156401BAF04FC00839503;
			productRefGroup = 8A91564A1BAF04FC00839503 /* Products */;
			projectDirPath = "";
			projectRoot = "";
			targets = (
				8A9156481BAF04FC00839503 /* STHLMPubCrawl */,
				8A91565C1BAF04FC00839503 /* STHLMPubCrawlTests */,
				8A9156671BAF04FC00839503 /* STHLMPubCrawlUITests */,
			);
		};
/* End PBXProject section */

/* Begin PBXResourcesBuildPhase section */
		8A9156471BAF04FC00839503 /* Resources */ = {
			isa = PBXResourcesBuildPhase;
			buildActionMask = 2147483647;
			files = (
				8A9A4D741BAF488000376F2D /* beep.wav in Resources */,
				8AA13CA31BAF472E00AA02B1 /* Sounds.xcassets in Resources */,
				8A6CA0951BB129A90062AD2C /* beer-glass-20.png in Resources */,
				8A91569A1BAF056600839503 /* place.txt in Resources */,
				8A91569C1BAF056600839503 /* beer-glass-40.png in Resources */,
				8A9156A01BAF05F300839503 /* Main.storyboard in Resources */,
				8A9156A11BAF05F300839503 /* LaunchScreen.xib in Resources */,
				8A91568E1BAF056600839503 /* Images.xcassets in Resources */,
			);
			runOnlyForDeploymentPostprocessing = 0;
		};
		8A91565B1BAF04FC00839503 /* Resources */ = {
			isa = PBXResourcesBuildPhase;
			buildActionMask = 2147483647;
			files = (
			);
			runOnlyForDeploymentPostprocessing = 0;
		};
		8A9156661BAF04FC00839503 /* Resources */ = {
			isa = PBXResourcesBuildPhase;
			buildActionMask = 2147483647;
			files = (
			);
			runOnlyForDeploymentPostprocessing = 0;
		};
/* End PBXResourcesBuildPhase section */

/* Begin PBXShellScriptBuildPhase section */
		195A1BCAAB024864944FD7D1 /* Embed Pods Frameworks */ = {
			isa = PBXShellScriptBuildPhase;
			buildActionMask = 2147483647;
			files = (
			);
			inputPaths = (
			);
			name = "Embed Pods Frameworks";
			outputPaths = (
			);
			runOnlyForDeploymentPostprocessing = 0;
			shellPath = /bin/sh;
			shellScript = "\"${SRCROOT}/Pods/Target Support Files/Pods/Pods-frameworks.sh\"\n";
			showEnvVarsInLog = 0;
		};
		42974ECEFD39F87D092C3BD7 /* Check Pods Manifest.lock */ = {
			isa = PBXShellScriptBuildPhase;
			buildActionMask = 2147483647;
			files = (
			);
			inputPaths = (
			);
			name = "Check Pods Manifest.lock";
			outputPaths = (
			);
			runOnlyForDeploymentPostprocessing = 0;
			shellPath = /bin/sh;
			shellScript = "diff \"${PODS_ROOT}/../Podfile.lock\" \"${PODS_ROOT}/Manifest.lock\" > /dev/null\nif [[ $? != 0 ]] ; then\n    cat << EOM\nerror: The sandbox is not in sync with the Podfile.lock. Run 'pod install' or update your CocoaPods installation.\nEOM\n    exit 1\nfi\n";
			showEnvVarsInLog = 0;
		};
		604289782621B4329E91ABB8 /* Copy Pods Resources */ = {
			isa = PBXShellScriptBuildPhase;
			buildActionMask = 2147483647;
			files = (
			);
			inputPaths = (
			);
			name = "Copy Pods Resources";
			outputPaths = (
			);
			runOnlyForDeploymentPostprocessing = 0;
			shellPath = /bin/sh;
			shellScript = "\"${SRCROOT}/Pods/Target Support Files/Pods/Pods-resources.sh\"\n";
			showEnvVarsInLog = 0;
		};
/* End PBXShellScriptBuildPhase section */

/* Begin PBXSourcesBuildPhase section */
		8A9156451BAF04FC00839503 /* Sources */ = {
			isa = PBXSourcesBuildPhase;
			buildActionMask = 2147483647;
			files = (
				8A91568D1BAF056600839503 /* GPPhoto.swift in Sources */,
				8A2387A31BC7D88600E06637 /* ARPlaceVisitPlan.swift in Sources */,
				8A9156901BAF056600839503 /* GPPlaceViewController.swift in Sources */,
				8A9156951BAF056600839503 /* Utilities.swift in Sources */,
				8A9156981BAF056600839503 /* GPPlace.swift in Sources */,
				8A2387A51BC7F4E500E06637 /* CrawlPlan.swift in Sources */,
				8AEC405A1BBE862900DEBA94 /* CGSize+Utilities.swift in Sources */,
				8A91568F1BAF056600839503 /* GPSearchRadar.swift in Sources */,
				8AA4E9D21BBD10D60047BF31 /* BarAnnotationView.swift in Sources */,
				8A9156931BAF056600839503 /* AppDelegate.swift in Sources */,
				8A9156991BAF056600839503 /* UILabelPadded.swift in Sources */,
				8A6CA0911BB012ED0062AD2C /* GPPlacePageViewController.swift in Sources */,
				8A9156941BAF056600839503 /* Beeper.swift in Sources */,
				8A9156911BAF056600839503 /* InitialViewController.swift in Sources */,
				8A9156971BAF056600839503 /* GPPlacesSearchQuery.swift in Sources */,
			);
			runOnlyForDeploymentPostprocessing = 0;
		};
		8A9156591BAF04FC00839503 /* Sources */ = {
			isa = PBXSourcesBuildPhase;
			buildActionMask = 2147483647;
			files = (
				8A9156621BAF04FC00839503 /* STHLMPubCrawlTests.swift in Sources */,
			);
			runOnlyForDeploymentPostprocessing = 0;
		};
		8A9156641BAF04FC00839503 /* Sources */ = {
			isa = PBXSourcesBuildPhase;
			buildActionMask = 2147483647;
			files = (
				8A91566D1BAF04FC00839503 /* STHLMPubCrawlUITests.swift in Sources */,
			);
			runOnlyForDeploymentPostprocessing = 0;
		};
/* End PBXSourcesBuildPhase section */

/* Begin PBXTargetDependency section */
		8A91565F1BAF04FC00839503 /* PBXTargetDependency */ = {
			isa = PBXTargetDependency;
			target = 8A9156481BAF04FC00839503 /* STHLMPubCrawl */;
			targetProxy = 8A91565E1BAF04FC00839503 /* PBXContainerItemProxy */;
		};
		8A91566A1BAF04FC00839503 /* PBXTargetDependency */ = {
			isa = PBXTargetDependency;
			target = 8A9156481BAF04FC00839503 /* STHLMPubCrawl */;
			targetProxy = 8A9156691BAF04FC00839503 /* PBXContainerItemProxy */;
		};
/* End PBXTargetDependency section */

/* Begin XCBuildConfiguration section */
		8A91566F1BAF04FC00839503 /* Debug */ = {
			isa = XCBuildConfiguration;
			buildSettings = {
				ALWAYS_SEARCH_USER_PATHS = YES;
				CLANG_CXX_LANGUAGE_STANDARD = "gnu++0x";
				CLANG_CXX_LIBRARY = "libc++";
				CLANG_ENABLE_MODULES = YES;
				CLANG_ENABLE_OBJC_ARC = YES;
				CLANG_WARN_BOOL_CONVERSION = YES;
				CLANG_WARN_CONSTANT_CONVERSION = YES;
				CLANG_WARN_DIRECT_OBJC_ISA_USAGE = YES_ERROR;
				CLANG_WARN_EMPTY_BODY = YES;
				CLANG_WARN_ENUM_CONVERSION = YES;
				CLANG_WARN_INT_CONVERSION = YES;
				CLANG_WARN_OBJC_ROOT_CLASS = YES_ERROR;
				CLANG_WARN_UNREACHABLE_CODE = YES;
				CLANG_WARN__DUPLICATE_METHOD_MATCH = YES;
				"CODE_SIGN_IDENTITY[sdk=iphoneos*]" = "iPhone Developer";
				COPY_PHASE_STRIP = NO;
				DEBUG_INFORMATION_FORMAT = dwarf;
				ENABLE_STRICT_OBJC_MSGSEND = YES;
				ENABLE_TESTABILITY = YES;
				FRAMEWORK_SEARCH_PATHS = "$(SRCROOT)/Pods/SDWebImage";
				GCC_C_LANGUAGE_STANDARD = gnu99;
				GCC_DYNAMIC_NO_PIC = NO;
				GCC_NO_COMMON_BLOCKS = YES;
				GCC_OPTIMIZATION_LEVEL = 0;
				GCC_PREPROCESSOR_DEFINITIONS = (
					"DEBUG=1",
					"$(inherited)",
				);
				GCC_WARN_64_TO_32_BIT_CONVERSION = YES;
				GCC_WARN_ABOUT_RETURN_TYPE = YES_ERROR;
				GCC_WARN_UNDECLARED_SELECTOR = YES;
				GCC_WARN_UNINITIALIZED_AUTOS = YES_AGGRESSIVE;
				GCC_WARN_UNUSED_FUNCTION = YES;
				GCC_WARN_UNUSED_VARIABLE = YES;
				HEADER_SEARCH_PATHS = "$(inherited)";
				IPHONEOS_DEPLOYMENT_TARGET = 8.4;
				MTL_ENABLE_DEBUG_INFO = YES;
				ONLY_ACTIVE_ARCH = YES;
				SDKROOT = iphoneos;
				SWIFT_OPTIMIZATION_LEVEL = "-Onone";
				TARGETED_DEVICE_FAMILY = "1,2";
			};
			name = Debug;
		};
		8A9156701BAF04FC00839503 /* Release */ = {
			isa = XCBuildConfiguration;
			buildSettings = {
				ALWAYS_SEARCH_USER_PATHS = YES;
				CLANG_CXX_LANGUAGE_STANDARD = "gnu++0x";
				CLANG_CXX_LIBRARY = "libc++";
				CLANG_ENABLE_MODULES = YES;
				CLANG_ENABLE_OBJC_ARC = YES;
				CLANG_WARN_BOOL_CONVERSION = YES;
				CLANG_WARN_CONSTANT_CONVERSION = YES;
				CLANG_WARN_DIRECT_OBJC_ISA_USAGE = YES_ERROR;
				CLANG_WARN_EMPTY_BODY = YES;
				CLANG_WARN_ENUM_CONVERSION = YES;
				CLANG_WARN_INT_CONVERSION = YES;
				CLANG_WARN_OBJC_ROOT_CLASS = YES_ERROR;
				CLANG_WARN_UNREACHABLE_CODE = YES;
				CLANG_WARN__DUPLICATE_METHOD_MATCH = YES;
				"CODE_SIGN_IDENTITY[sdk=iphoneos*]" = "iPhone Developer";
				COPY_PHASE_STRIP = NO;
				DEBUG_INFORMATION_FORMAT = "dwarf-with-dsym";
				ENABLE_NS_ASSERTIONS = NO;
				ENABLE_STRICT_OBJC_MSGSEND = YES;
				FRAMEWORK_SEARCH_PATHS = "$(SRCROOT)/Pods/SDWebImage";
				GCC_C_LANGUAGE_STANDARD = gnu99;
				GCC_NO_COMMON_BLOCKS = YES;
				GCC_WARN_64_TO_32_BIT_CONVERSION = YES;
				GCC_WARN_ABOUT_RETURN_TYPE = YES_ERROR;
				GCC_WARN_UNDECLARED_SELECTOR = YES;
				GCC_WARN_UNINITIALIZED_AUTOS = YES_AGGRESSIVE;
				GCC_WARN_UNUSED_FUNCTION = YES;
				GCC_WARN_UNUSED_VARIABLE = YES;
				HEADER_SEARCH_PATHS = "$(inherited)";
				IPHONEOS_DEPLOYMENT_TARGET = 8.4;
				MTL_ENABLE_DEBUG_INFO = NO;
				SDKROOT = iphoneos;
				TARGETED_DEVICE_FAMILY = "1,2";
				VALIDATE_PRODUCT = YES;
			};
			name = Release;
		};
		8A9156721BAF04FC00839503 /* Debug */ = {
			isa = XCBuildConfiguration;
			baseConfigurationReference = B171F1A6D4AF21CE09ECB8EB /* Pods.debug.xcconfig */;
			buildSettings = {
				ASSETCATALOG_COMPILER_APPICON_NAME = AppIcon;
				CLANG_ENABLE_MODULES = YES;
				CODE_SIGN_IDENTITY = "iPhone Developer";
				FRAMEWORK_SEARCH_PATHS = "$(inherited)";
				INFOPLIST_FILE = STHLMPubCrawl/Info.plist;
				IPHONEOS_DEPLOYMENT_TARGET = 8.0;
				LD_RUNPATH_SEARCH_PATHS = "$(inherited) @executable_path/Frameworks";
				PRODUCT_BUNDLE_IDENTIFIER = com.agustr.STHLMPubCrawl;
				PRODUCT_NAME = "$(TARGET_NAME)";
				SWIFT_OBJC_BRIDGING_HEADER = "STHLMPubCrawl/STHLMPubCrawl-Bridging-Header.h";
				SWIFT_OPTIMIZATION_LEVEL = "-Onone";
				TARGETED_DEVICE_FAMILY = "1,2";
			};
			name = Debug;
		};
		8A9156731BAF04FC00839503 /* Release */ = {
			isa = XCBuildConfiguration;
			baseConfigurationReference = C391B49938E450FCCD541A9E /* Pods.release.xcconfig */;
			buildSettings = {
				ASSETCATALOG_COMPILER_APPICON_NAME = AppIcon;
				CLANG_ENABLE_MODULES = YES;
				CODE_SIGN_IDENTITY = "iPhone Developer";
				FRAMEWORK_SEARCH_PATHS = "$(inherited)";
				INFOPLIST_FILE = STHLMPubCrawl/Info.plist;
				IPHONEOS_DEPLOYMENT_TARGET = 8.0;
				LD_RUNPATH_SEARCH_PATHS = "$(inherited) @executable_path/Frameworks";
				PRODUCT_BUNDLE_IDENTIFIER = com.agustr.STHLMPubCrawl;
				PRODUCT_NAME = "$(TARGET_NAME)";
				SWIFT_OBJC_BRIDGING_HEADER = "STHLMPubCrawl/STHLMPubCrawl-Bridging-Header.h";
				TARGETED_DEVICE_FAMILY = "1,2";
			};
			name = Release;
		};
		8A9156751BAF04FC00839503 /* Debug */ = {
			isa = XCBuildConfiguration;
			buildSettings = {
				BUNDLE_LOADER = "$(TEST_HOST)";
				INFOPLIST_FILE = STHLMPubCrawlTests/Info.plist;
				LD_RUNPATH_SEARCH_PATHS = "$(inherited) @executable_path/Frameworks @loader_path/Frameworks";
				PRODUCT_BUNDLE_IDENTIFIER = com.agustr.STHLMPubCrawlTests;
				PRODUCT_NAME = "$(TARGET_NAME)";
				TEST_HOST = "$(BUILT_PRODUCTS_DIR)/STHLMPubCrawl.app/STHLMPubCrawl";
			};
			name = Debug;
		};
		8A9156761BAF04FC00839503 /* Release */ = {
			isa = XCBuildConfiguration;
			buildSettings = {
				BUNDLE_LOADER = "$(TEST_HOST)";
				INFOPLIST_FILE = STHLMPubCrawlTests/Info.plist;
				LD_RUNPATH_SEARCH_PATHS = "$(inherited) @executable_path/Frameworks @loader_path/Frameworks";
				PRODUCT_BUNDLE_IDENTIFIER = com.agustr.STHLMPubCrawlTests;
				PRODUCT_NAME = "$(TARGET_NAME)";
				TEST_HOST = "$(BUILT_PRODUCTS_DIR)/STHLMPubCrawl.app/STHLMPubCrawl";
			};
			name = Release;
		};
		8A9156781BAF04FC00839503 /* Debug */ = {
			isa = XCBuildConfiguration;
			buildSettings = {
				INFOPLIST_FILE = STHLMPubCrawlUITests/Info.plist;
				LD_RUNPATH_SEARCH_PATHS = "$(inherited) @executable_path/Frameworks @loader_path/Frameworks";
				PRODUCT_BUNDLE_IDENTIFIER = com.agustr.STHLMPubCrawlUITests;
				PRODUCT_NAME = "$(TARGET_NAME)";
				TEST_TARGET_NAME = STHLMPubCrawl;
				USES_XCTRUNNER = YES;
			};
			name = Debug;
		};
		8A9156791BAF04FC00839503 /* Release */ = {
			isa = XCBuildConfiguration;
			buildSettings = {
				INFOPLIST_FILE = STHLMPubCrawlUITests/Info.plist;
				LD_RUNPATH_SEARCH_PATHS = "$(inherited) @executable_path/Frameworks @loader_path/Frameworks";
				PRODUCT_BUNDLE_IDENTIFIER = com.agustr.STHLMPubCrawlUITests;
				PRODUCT_NAME = "$(TARGET_NAME)";
				TEST_TARGET_NAME = STHLMPubCrawl;
				USES_XCTRUNNER = YES;
			};
			name = Release;
		};
/* End XCBuildConfiguration section */

/* Begin XCConfigurationList section */
		8A9156441BAF04FC00839503 /* Build configuration list for PBXProject "STHLMPubCrawl" */ = {
			isa = XCConfigurationList;
			buildConfigurations = (
				8A91566F1BAF04FC00839503 /* Debug */,
				8A9156701BAF04FC00839503 /* Release */,
			);
			defaultConfigurationIsVisible = 0;
			defaultConfigurationName = Release;
		};
		8A9156711BAF04FC00839503 /* Build configuration list for PBXNativeTarget "STHLMPubCrawl" */ = {
			isa = XCConfigurationList;
			buildConfigurations = (
				8A9156721BAF04FC00839503 /* Debug */,
				8A9156731BAF04FC00839503 /* Release */,
			);
			defaultConfigurationIsVisible = 0;
			defaultConfigurationName = Release;
		};
		8A9156741BAF04FC00839503 /* Build configuration list for PBXNativeTarget "STHLMPubCrawlTests" */ = {
			isa = XCConfigurationList;
			buildConfigurations = (
				8A9156751BAF04FC00839503 /* Debug */,
				8A9156761BAF04FC00839503 /* Release */,
			);
			defaultConfigurationIsVisible = 0;
			defaultConfigurationName = Release;
		};
		8A9156771BAF04FC00839503 /* Build configuration list for PBXNativeTarget "STHLMPubCrawlUITests" */ = {
			isa = XCConfigurationList;
			buildConfigurations = (
				8A9156781BAF04FC00839503 /* Debug */,
				8A9156791BAF04FC00839503 /* Release */,
			);
			defaultConfigurationIsVisible = 0;
			defaultConfigurationName = Release;
		};
/* End XCConfigurationList section */
	};
	rootObject = 8A9156411BAF04FC00839503 /* Project object */;
}
